
Microsoft Visual Studio Solution File, Format Version 12.00
# Visual Studio Version 17
VisualStudioVersion = 17.8.34408.163
MinimumVisualStudioVersion = 10.0.40219.1
Project("{9A19103F-16F7-4668-BE54-9A1E7A4F7556}") = "LifeCicklsService", "LifeCicklsService\LifeCicklsService.csproj", "{D1866404-C94E-4064-A6F3-4D65F860FB14}"
EndProject
Project("{9A19103F-16F7-4668-BE54-9A1E7A4F7556}") = "LifeCicklsWebApi", "LifeCicklsWebApi\LifeCicklsWebApi.csproj", "{917CE43A-16F5-452F-9C84-4D54A79265A6}"
EndProject
Project("{9A19103F-16F7-4668-BE54-9A1E7A4F7556}") = "LifeCklsModels", "LifeCklsModels\LifeCklsModels.csproj", "{12E347F6-6621-4D03-B6F5-92C8C44DEE7E}"
EndProject
Project("{FAE04EC0-301F-11D3-BF4B-00C04F79EFBC}") = "ConsoleTestApp", "ConsoleTestApp\ConsoleTestApp.csproj", "{FC1D9042-AC68-4D9F-A32B-032678E467C5}"
EndProject
Global
	GlobalSection(SolutionConfigurationPlatforms) = preSolution
		Debug|Any CPU = Debug|Any CPU
		Release|Any CPU = Release|Any CPU
	EndGlobalSection
	GlobalSection(ProjectConfigurationPlatforms) = postSolution
		{D1866404-C94E-4064-A6F3-4D65F860FB14}.Debug|Any CPU.ActiveCfg = Debug|Any CPU
		{D1866404-C94E-4064-A6F3-4D65F860FB14}.Debug|Any CPU.Build.0 = Debug|Any CPU
		{D1866404-C94E-4064-A6F3-4D65F860FB14}.Release|Any CPU.ActiveCfg = Release|Any CPU
		{D1866404-C94E-4064-A6F3-4D65F860FB14}.Release|Any CPU.Build.0 = Release|Any CPU
		{917CE43A-16F5-452F-9C84-4D54A79265A6}.Debug|Any CPU.ActiveCfg = Debug|Any CPU
		{917CE43A-16F5-452F-9C84-4D54A79265A6}.Debug|Any CPU.Build.0 = Debug|Any CPU
		{917CE43A-16F5-452F-9C84-4D54A79265A6}.Release|Any CPU.ActiveCfg = Release|Any CPU
		{917CE43A-16F5-452F-9C84-4D54A79265A6}.Release|Any CPU.Build.0 = Release|Any CPU
		{12E347F6-6621-4D03-B6F5-92C8C44DEE7E}.Debug|Any CPU.ActiveCfg = Debug|Any CPU
		{12E347F6-6621-4D03-B6F5-92C8C44DEE7E}.Debug|Any CPU.Build.0 = Debug|Any CPU
		{12E347F6-6621-4D03-B6F5-92C8C44DEE7E}.Release|Any CPU.ActiveCfg = Release|Any CPU
		{12E347F6-6621-4D03-B6F5-92C8C44DEE7E}.Release|Any CPU.Build.0 = Release|Any CPU
		{FC1D9042-AC68-4D9F-A32B-032678E467C5}.Debug|Any CPU.ActiveCfg = Debug|Any CPU
		{FC1D9042-AC68-4D9F-A32B-032678E467C5}.Debug|Any CPU.Build.0 = Debug|Any CPU
		{FC1D9042-AC68-4D9F-A32B-032678E467C5}.Release|Any CPU.ActiveCfg = Release|Any CPU
		{FC1D9042-AC68-4D9F-A32B-032678E467C5}.Release|Any CPU.Build.0 = Release|Any CPU
	EndGlobalSection
	GlobalSection(SolutionProperties) = preSolution
		HideSolutionNode = FALSE
	EndGlobalSection
	GlobalSection(ExtensibilityGlobals) = postSolution
		SolutionGuid = {AD739613-B2C9-45F6-B12E-E7B11B06DD5B}
	EndGlobalSection
EndGlobal
